
Microsoft Visual Studio Solution File, Format Version 12.00
# Visual Studio 15
VisualStudioVersion = 15.0.28307.539
MinimumVisualStudioVersion = 10.0.40219.1
Project("{FAE04EC0-301F-11D3-BF4B-00C04F79EFBC}") = "EducationalInstituteForComputerMVC", "EducationalInstituteForComputerMVC\EducationalInstituteForComputerMVC.csproj", "{8E469F42-A1A0-4929-817E-903BE3CE4D25}"
EndProject
Global
	GlobalSection(SolutionConfigurationPlatforms) = preSolution
		Debug|Any CPU = Debug|Any CPU
		Release|Any CPU = Release|Any CPU
	EndGlobalSection
	GlobalSection(ProjectConfigurationPlatforms) = postSolution
		{8E469F42-A1A0-4929-817E-903BE3CE4D25}.Debug|Any CPU.ActiveCfg = Debug|Any CPU
		{8E469F42-A1A0-4929-817E-903BE3CE4D25}.Debug|Any CPU.Build.0 = Debug|Any CPU
		{8E469F42-A1A0-4929-817E-903BE3CE4D25}.Release|Any CPU.ActiveCfg = Release|Any CPU
		{8E469F42-A1A0-4929-817E-903BE3CE4D25}.Release|Any CPU.Build.0 = Release|Any CPU
	EndGlobalSection
	GlobalSection(SolutionProperties) = preSolution
		HideSolutionNode = FALSE
	EndGlobalSection
	GlobalSection(ExtensibilityGlobals) = postSolution
		SolutionGuid = {57C72BFE-3F71-45C7-9C18-FCDC778C6EE3}
	EndGlobalSection
EndGlobal
